
Microsoft Visual Studio Solution File, Format Version 12.00
# Visual Studio 14
VisualStudioVersion = 14.0.25420.1
MinimumVisualStudioVersion = 10.0.40219.1
Project("{FAE04EC0-301F-11D3-BF4B-00C04F79EFBC}") = "BitCurb.CodeSamples.Reports", "BitCurb.CodeSamples.Reporting\BitCurb.CodeSamples.Reports.csproj", "{5F7E2ED4-2853-4AAA-947F-78984943587C}"
EndProject
Project("{FAE04EC0-301F-11D3-BF4B-00C04F79EFBC}") = "BitCurb.CodeSamples.Filters", "BitCurb.CodeSamples.Filters\BitCurb.CodeSamples.Filters.csproj", "{3374B588-2208-4A86-A3E1-AF885688F4A2}"
EndProject
Project("{FAE04EC0-301F-11D3-BF4B-00C04F79EFBC}") = "BitCurb.CodeSamples.Crunch", "BitCurb.CodeSamples.Crunch\BitCurb.CodeSamples.Crunch.csproj", "{B6BF41EC-FA5C-421F-934A-3286934C82D3}"
EndProject
Project("{FAE04EC0-301F-11D3-BF4B-00C04F79EFBC}") = "BitCurb.CodeSamples.Core", "BitCurb.CodeSamples.Core\BitCurb.CodeSamples.Core.csproj", "{A007205C-1574-4DFA-B569-650F3D5C6183}"
EndProject
Global
	GlobalSection(SolutionConfigurationPlatforms) = preSolution
		Debug|Any CPU = Debug|Any CPU
		Release|Any CPU = Release|Any CPU
	EndGlobalSection
	GlobalSection(ProjectConfigurationPlatforms) = postSolution
		{5F7E2ED4-2853-4AAA-947F-78984943587C}.Debug|Any CPU.ActiveCfg = Debug|Any CPU
		{5F7E2ED4-2853-4AAA-947F-78984943587C}.Debug|Any CPU.Build.0 = Debug|Any CPU
		{5F7E2ED4-2853-4AAA-947F-78984943587C}.Release|Any CPU.ActiveCfg = Release|Any CPU
		{5F7E2ED4-2853-4AAA-947F-78984943587C}.Release|Any CPU.Build.0 = Release|Any CPU
		{3374B588-2208-4A86-A3E1-AF885688F4A2}.Debug|Any CPU.ActiveCfg = Debug|Any CPU
		{3374B588-2208-4A86-A3E1-AF885688F4A2}.Debug|Any CPU.Build.0 = Debug|Any CPU
		{3374B588-2208-4A86-A3E1-AF885688F4A2}.Release|Any CPU.ActiveCfg = Release|Any CPU
		{3374B588-2208-4A86-A3E1-AF885688F4A2}.Release|Any CPU.Build.0 = Release|Any CPU
		{B6BF41EC-FA5C-421F-934A-3286934C82D3}.Debug|Any CPU.ActiveCfg = Debug|Any CPU
		{B6BF41EC-FA5C-421F-934A-3286934C82D3}.Debug|Any CPU.Build.0 = Debug|Any CPU
		{B6BF41EC-FA5C-421F-934A-3286934C82D3}.Release|Any CPU.ActiveCfg = Release|Any CPU
		{B6BF41EC-FA5C-421F-934A-3286934C82D3}.Release|Any CPU.Build.0 = Release|Any CPU
		{A007205C-1574-4DFA-B569-650F3D5C6183}.Debug|Any CPU.ActiveCfg = Debug|Any CPU
		{A007205C-1574-4DFA-B569-650F3D5C6183}.Debug|Any CPU.Build.0 = Debug|Any CPU
		{A007205C-1574-4DFA-B569-650F3D5C6183}.Release|Any CPU.ActiveCfg = Release|Any CPU
		{A007205C-1574-4DFA-B569-650F3D5C6183}.Release|Any CPU.Build.0 = Release|Any CPU
	EndGlobalSection
	GlobalSection(SolutionProperties) = preSolution
		HideSolutionNode = FALSE
	EndGlobalSection
EndGlobal
